// !$*UTF8*$!
{
	archiveVersion = 1;
	classes = {
	};
	objectVersion = 50;
	objects = {

/* Begin PBXBuildFile section */
		040E243526342F8300206D6A /* _3_3_2_StackInLink.c in Sources */ = {isa = PBXBuildFile; fileRef = 040E243426342F8300206D6A /* _3_3_2_StackInLink.c */; };
		040E24392634365200206D6A /* _3_3_2_StackRecord.c in Sources */ = {isa = PBXBuildFile; fileRef = 040E24382634365200206D6A /* _3_3_2_StackRecord.c */; };
/* End PBXBuildFile section */

/* Begin PBXCopyFilesBuildPhase section */
		040E242526342EF700206D6A /* CopyFiles */ = {
			isa = PBXCopyFilesBuildPhase;
			buildActionMask = 2147483647;
			dstPath = /usr/share/man/man1/;
			dstSubfolderSpec = 0;
			files = (
			);
			runOnlyForDeploymentPostprocessing = 1;
		};
/* End PBXCopyFilesBuildPhase section */

/* Begin PBXFileReference section */
		040E242726342EF700206D6A /* _3_3_StackADT */ = {isa = PBXFileReference; explicitFileType = "compiled.mach-o.executable"; includeInIndex = 0; path = _3_3_StackADT; sourceTree = BUILT_PRODUCTS_DIR; };
		040E243326342F8300206D6A /* _3_3_2_StackInLink.h */ = {isa = PBXFileReference; lastKnownFileType = sourcecode.c.h; path = _3_3_2_StackInLink.h; sourceTree = "<group>"; };
		040E243426342F8300206D6A /* _3_3_2_StackInLink.c */ = {isa = PBXFileReference; lastKnownFileType = sourcecode.c.c; path = _3_3_2_StackInLink.c; sourceTree = "<group>"; };
		040E24372634365200206D6A /* _3_3_2_StackRecord.h */ = {isa = PBXFileReference; lastKnownFileType = sourcecode.c.h; path = _3_3_2_StackRecord.h; sourceTree = "<group>"; };
		040E24382634365200206D6A /* _3_3_2_StackRecord.c */ = {isa = PBXFileReference; lastKnownFileType = sourcecode.c.c; path = _3_3_2_StackRecord.c; sourceTree = "<group>"; };
/* End PBXFileReference section */

/* Begin PBXFrameworksBuildPhase section */
		040E242426342EF700206D6A /* Frameworks */ = {
			isa = PBXFrameworksBuildPhase;
			buildActionMask = 2147483647;
			files = (
			);
			runOnlyForDeploymentPostprocessing = 0;
		};
/* End PBXFrameworksBuildPhase section */

/* Begin PBXGroup section */
		040E241E26342EF700206D6A = {
			isa = PBXGroup;
			children = (
				040E242926342EF700206D6A /* _3_3_StackADT */,
				040E242826342EF700206D6A /* Products */,
			);
			sourceTree = "<group>";
		};
		040E242826342EF700206D6A /* Products */ = {
			isa = PBXGroup;
			children = (
				040E242726342EF700206D6A /* _3_3_StackADT */,
			);
			name = Products;
			sourceTree = "<group>";
		};
		040E242926342EF700206D6A /* _3_3_StackADT */ = {
			isa = PBXGroup;
			children = (
				040E243326342F8300206D6A /* _3_3_2_StackInLink.h */,
				040E243426342F8300206D6A /* _3_3_2_StackInLink.c */,
				040E24372634365200206D6A /* _3_3_2_StackRecord.h */,
				040E24382634365200206D6A /* _3_3_2_StackRecord.c */,
			);
			path = _3_3_StackADT;
			sourceTree = "<group>";
		};
/* End PBXGroup section */

/* Begin PBXNativeTarget section */
		040E242626342EF700206D6A /* _3_3_StackADT */ = {
			isa = PBXNativeTarget;
			buildConfigurationList = 040E242E26342EF700206D6A /* Build configuration list for PBXNativeTarget "_3_3_StackADT" */;
			buildPhases = (
				040E242326342EF700206D6A /* Sources */,
				040E242426342EF700206D6A /* Frameworks */,
				040E242526342EF700206D6A /* CopyFiles */,
			);
			buildRules = (
			);
			dependencies = (
			);
			name = _3_3_StackADT;
			productName = _3_3_StackADT;
			productReference = 040E242726342EF700206D6A /* _3_3_StackADT */;
			productType = "com.apple.product-type.tool";
		};
/* End PBXNativeTarget section */

/* Begin PBXProject section */
		040E241F26342EF700206D6A /* Project object */ = {
			isa = PBXProject;
			attributes = {
				LastUpgradeCheck = 1240;
				TargetAttributes = {
					040E242626342EF700206D6A = {
						CreatedOnToolsVersion = 12.4;
					};
				};
			};
			buildConfigurationList = 040E242226342EF700206D6A /* Build configuration list for PBXProject "_3_3_StackADT" */;
			compatibilityVersion = "Xcode 9.3";
			developmentRegion = en;
			hasScannedForEncodings = 0;
			knownRegions = (
				en,
				Base,
			);
			mainGroup = 040E241E26342EF700206D6A;
			productRefGroup = 040E242826342EF700206D6A /* Products */;
			projectDirPath = "";
			projectRoot = "";
			targets = (
				040E242626342EF700206D6A /* _3_3_StackADT */,
			);
		};
/* End PBXProject section */

/* Begin PBXSourcesBuildPhase section */
		040E242326342EF700206D6A /* Sources */ = {
			isa = PBXSourcesBuildPhase;
			buildActionMask = 2147483647;
			files = (
				040E24392634365200206D6A /* _3_3_2_StackRecord.c in Sources */,
				040E243526342F8300206D6A /* _3_3_2_StackInLink.c in Sources */,
			);
			runOnlyForDeploymentPostprocessing = 0;
		};
/* End PBXSourcesBuildPhase section */

/* Begin XCBuildConfiguration section */
		040E242C26342EF700206D6A /* Debug */ = {
			isa = XCBuildConfiguration;
			buildSettings = {
				ALWAYS_SEARCH_USER_PATHS = NO;
				CLANG_ANALYZER_NONNULL = YES;
				CLANG_ANALYZER_NUMBER_OBJECT_CONVERSION = YES_AGGRESSIVE;
				CLANG_CXX_LANGUAGE_STANDARD = "gnu++14";
				CLANG_CXX_LIBRARY = "libc++";
				CLANG_ENABLE_MODULES = YES;
				CLANG_ENABLE_OBJC_ARC = YES;
				CLANG_ENABLE_OBJC_WEAK = YES;
				CLANG_WARN_BLOCK_CAPTURE_AUTORELEASING = YES;
				CLANG_WARN_BOOL_CONVERSION = YES;
				CLANG_WARN_COMMA = YES;
				CLANG_WARN_CONSTANT_CONVERSION = YES;
				CLANG_WARN_DEPRECATED_OBJC_IMPLEMENTATIONS = YES;
				CLANG_WARN_DIRECT_OBJC_ISA_USAGE = YES_ERROR;
				CLANG_WARN_DOCUMENTATION_COMMENTS = YES;
				CLANG_WARN_EMPTY_BODY = YES;
				CLANG_WARN_ENUM_CONVERSION = YES;
				CLANG_WARN_INFINITE_RECURSION = YES;
				CLANG_WARN_INT_CONVERSION = YES;
				CLANG_WARN_NON_LITERAL_NULL_CONVERSION = YES;
				CLANG_WARN_OBJC_IMPLICIT_RETAIN_SELF = YES;
				CLANG_WARN_OBJC_LITERAL_CONVERSION = YES;
				CLANG_WARN_OBJC_ROOT_CLASS = YES_ERROR;
				CLANG_WARN_QUOTED_INCLUDE_IN_FRAMEWORK_HEADER = YES;
				CLANG_WARN_RANGE_LOOP_ANALYSIS = YES;
				CLANG_WARN_STRICT_PROTOTYPES = YES;
				CLANG_WARN_SUSPICIOUS_MOVE = YES;
				CLANG_WARN_UNGUARDED_AVAILABILITY = YES_AGGRESSIVE;
				CLANG_WARN_UNREACHABLE_CODE = YES;
				CLANG_WARN__DUPLICATE_METHOD_MATCH = YES;
				COPY_PHASE_STRIP = NO;
				DEBUG_INFORMATION_FORMAT = dwarf;
				ENABLE_STRICT_OBJC_MSGSEND = YES;
				ENABLE_TESTABILITY = YES;
				GCC_C_LANGUAGE_STANDARD = gnu11;
				GCC_DYNAMIC_NO_PIC = NO;
				GCC_NO_COMMON_BLOCKS = YES;
				GCC_OPTIMIZATION_LEVEL = 0;
				GCC_PREPROCESSOR_DEFINITIONS = (
					"DEBUG=1",
					"$(inherited)",
				);
				GCC_WARN_64_TO_32_BIT_CONVERSION = YES;
				GCC_WARN_ABOUT_RETURN_TYPE = YES_ERROR;
				GCC_WARN_UNDECLARED_SELECTOR = YES;
				GCC_WARN_UNINITIALIZED_AUTOS = YES_AGGRESSIVE;
				GCC_WARN_UNUSED_FUNCTION = YES;
				GCC_WARN_UNUSED_VARIABLE = YES;
				MACOSX_DEPLOYMENT_TARGET = 10.15;
				MTL_ENABLE_DEBUG_INFO = INCLUDE_SOURCE;
				MTL_FAST_MATH = YES;
				ONLY_ACTIVE_ARCH = YES;
				SDKROOT = macosx;
			};
			name = Debug;
		};
		040E242D26342EF700206D6A /* Release */ = {
			isa = XCBuildConfiguration;
			buildSettings = {
				ALWAYS_SEARCH_USER_PATHS = NO;
				CLANG_ANALYZER_NONNULL = YES;
				CLANG_ANALYZER_NUMBER_OBJECT_CONVERSION = YES_AGGRESSIVE;
				CLANG_CXX_LANGUAGE_STANDARD = "gnu++14";
				CLANG_CXX_LIBRARY = "libc++";
				CLANG_ENABLE_MODULES = YES;
				CLANG_ENABLE_OBJC_ARC = YES;
				CLANG_ENABLE_OBJC_WEAK = YES;
				CLANG_WARN_BLOCK_CAPTURE_AUTORELEASING = YES;
				CLANG_WARN_BOOL_CONVERSION = YES;
				CLANG_WARN_COMMA = YES;
				CLANG_WARN_CONSTANT_CONVERSION = YES;
				CLANG_WARN_DEPRECATED_OBJC_IMPLEMENTATIONS = YES;
				CLANG_WARN_DIRECT_OBJC_ISA_USAGE = YES_ERROR;
				CLANG_WARN_DOCUMENTATION_COMMENTS = YES;
				CLANG_WARN_EMPTY_BODY = YES;
				CLANG_WARN_ENUM_CONVERSION = YES;
				CLANG_WARN_INFINITE_RECURSION = YES;
				CLANG_WARN_INT_CONVERSION = YES;
				CLANG_WARN_NON_LITERAL_NULL_CONVERSION = YES;
				CLANG_WARN_OBJC_IMPLICIT_RETAIN_SELF = YES;
				CLANG_WARN_OBJC_LITERAL_CONVERSION = YES;
				CLANG_WARN_OBJC_ROOT_CLASS = YES_ERROR;
				CLANG_WARN_QUOTED_INCLUDE_IN_FRAMEWORK_HEADER = YES;
				CLANG_WARN_RANGE_LOOP_ANALYSIS = YES;
				CLANG_WARN_STRICT_PROTOTYPES = YES;
				CLANG_WARN_SUSPICIOUS_MOVE = YES;
				CLANG_WARN_UNGUARDED_AVAILABILITY = YES_AGGRESSIVE;
				CLANG_WARN_UNREACHABLE_CODE = YES;
				CLANG_WARN__DUPLICATE_METHOD_MATCH = YES;
				COPY_PHASE_STRIP = NO;
				DEBUG_INFORMATION_FORMAT = "dwarf-with-dsym";
				ENABLE_NS_ASSERTIONS = NO;
				ENABLE_STRICT_OBJC_MSGSEND = YES;
				GCC_C_LANGUAGE_STANDARD = gnu11;
				GCC_NO_COMMON_BLOCKS = YES;
				GCC_WARN_64_TO_32_BIT_CONVERSION = YES;
				GCC_WARN_ABOUT_RETURN_TYPE = YES_ERROR;
				GCC_WARN_UNDECLARED_SELECTOR = YES;
				GCC_WARN_UNINITIALIZED_AUTOS = YES_AGGRESSIVE;
				GCC_WARN_UNUSED_FUNCTION = YES;
				GCC_WARN_UNUSED_VARIABLE = YES;
				MACOSX_DEPLOYMENT_TARGET = 10.15;
				MTL_ENABLE_DEBUG_INFO = NO;
				MTL_FAST_MATH = YES;
				SDKROOT = macosx;
			};
			name = Release;
		};
		040E242F26342EF700206D6A /* Debug */ = {
			isa = XCBuildConfiguration;
			buildSettings = {
				CODE_SIGN_STYLE = Automatic;
				PRODUCT_NAME = "$(TARGET_NAME)";
			};
			name = Debug;
		};
		040E243026342EF700206D6A /* Release */ = {
			isa = XCBuildConfiguration;
			buildSettings = {
				CODE_SIGN_STYLE = Automatic;
				PRODUCT_NAME = "$(TARGET_NAME)";
			};
			name = Release;
		};
/* End XCBuildConfiguration section */

/* Begin XCConfigurationList section */
		040E242226342EF700206D6A /* Build configuration list for PBXProject "_3_3_StackADT" */ = {
			isa = XCConfigurationList;
			buildConfigurations = (
				040E242C26342EF700206D6A /* Debug */,
				040E242D26342EF700206D6A /* Release */,
			);
			defaultConfigurationIsVisible = 0;
			defaultConfigurationName = Release;
		};
		040E242E26342EF700206D6A /* Build configuration list for PBXNativeTarget "_3_3_StackADT" */ = {
			isa = XCConfigurationList;
			buildConfigurations = (
				040E242F26342EF700206D6A /* Debug */,
				040E243026342EF700206D6A /* Release */,
			);
			defaultConfigurationIsVisible = 0;
			defaultConfigurationName = Release;
		};
/* End XCConfigurationList section */
	};
	rootObject = 040E241F26342EF700206D6A /* Project object */;
}
